
Microsoft Visual Studio Solution File, Format Version 12.00
# Visual Studio Version 16
VisualStudioVersion = 16.0.30907.101
MinimumVisualStudioVersion = 10.0.40219.1
Project("{8BC9CEB8-8B4A-11D0-8D11-00A0C91BC942}") = "CreateThreadPoolWait", "CreateThreadPoolWait\CreateThreadPoolWait.vcxproj", "{7C60D205-1563-4BEC-BB27-1D7C3B58A08F}"
EndProject
Project("{8BC9CEB8-8B4A-11D0-8D11-00A0C91BC942}") = "CreateTimerQueueTimer_Tech", "CreateTimerQueueTimer_Tech\CreateTimerQueueTimer_Tech.vcxproj", "{7D1E2EC5-FB57-4148-A6EB-59EEECE4A660}"
EndProject
Project("{8BC9CEB8-8B4A-11D0-8D11-00A0C91BC942}") = "EnumDesktopW", "EnumDesktopW\EnumDesktopW.vcxproj", "{CB1843DF-3D4F-4D8D-B3C8-70D1D722E2A9}"
EndProject
Project("{8BC9CEB8-8B4A-11D0-8D11-00A0C91BC942}") = "EnumResourceTypesW", "EnumResourceTypesW\EnumResourceTypesW.vcxproj", "{CA6231C1-405A-482E-B59A-35ADCCC15DDD}"
EndProject
Project("{8BC9CEB8-8B4A-11D0-8D11-00A0C91BC942}") = "CopyFileEx", "CopyFileEx\CopyFileEx.vcxproj", "{C8677CA2-23B4-4148-8298-75DC082DD05C}"
EndProject
Project("{8BC9CEB8-8B4A-11D0-8D11-00A0C91BC942}") = "EnumWindows", "EnumWindows\EnumWindows.vcxproj", "{E767D317-98AA-4E0B-BE90-1C19844EFB1B}"
EndProject
Project("{8BC9CEB8-8B4A-11D0-8D11-00A0C91BC942}") = "EnumChildWindows", "EnumChildWindows\EnumChildWindows.vcxproj", "{F7214DDD-57B1-46BA-A54A-876CC7CF7D5E}"
EndProject
Project("{8BC9CEB8-8B4A-11D0-8D11-00A0C91BC942}") = "CopyFile2", "CopyFile2\CopyFile2.vcxproj", "{334B4D7E-2C6E-4BBF-AAC0-879C72344B00}"
EndProject
Project("{8BC9CEB8-8B4A-11D0-8D11-00A0C91BC942}") = "EnumPropsEx", "EnumPropsEx\EnumPropsEx.vcxproj", "{72D5287B-D8E2-4A9E-BC15-D4A1E3A3F687}"
EndProject
Project("{8BC9CEB8-8B4A-11D0-8D11-00A0C91BC942}") = "EnumDisplayMonitors", "EnumDisplayMonitors\EnumDisplayMonitors.vcxproj", "{0B01514B-EAB9-4E50-82EA-979C89A5C52F}"
EndProject
Project("{8BC9CEB8-8B4A-11D0-8D11-00A0C91BC942}") = "EnumDesktopWindows", "EnumDesktopWindows\EnumDesktopWindows.vcxproj", "{03D224C4-D5EE-4DE9-993C-477B1B937AAF}"
EndProject
Project("{8BC9CEB8-8B4A-11D0-8D11-00A0C91BC942}") = "SymEnumProcesses", "SymEnumProcesses\SymEnumProcesses.vcxproj", "{9AC492BD-854C-418F-BFDD-7FFB1C6A4059}"
EndProject
Project("{8BC9CEB8-8B4A-11D0-8D11-00A0C91BC942}") = "EnumPageFilesW", "EnumPageFilesW\EnumPageFilesW.vcxproj", "{A4F42B69-CAFC-4870-B6AA-EA15B6703DE3}"
EndProject
Project("{8BC9CEB8-8B4A-11D0-8D11-00A0C91BC942}") = "ImageGetDigestStream", "ImageGetDigestStream\ImageGetDigestStream.vcxproj", "{055B882F-D318-4BFC-B7DF-A05B2A628575}"
EndProject
Global
	GlobalSection(SolutionConfigurationPlatforms) = preSolution
		Debug|x64 = Debug|x64
		Debug|x86 = Debug|x86
		Release|x64 = Release|x64
		Release|x86 = Release|x86
	EndGlobalSection
	GlobalSection(ProjectConfigurationPlatforms) = postSolution
		{7C60D205-1563-4BEC-BB27-1D7C3B58A08F}.Debug|x64.ActiveCfg = Debug|x64
		{7C60D205-1563-4BEC-BB27-1D7C3B58A08F}.Debug|x64.Build.0 = Debug|x64
		{7C60D205-1563-4BEC-BB27-1D7C3B58A08F}.Debug|x86.ActiveCfg = Debug|Win32
		{7C60D205-1563-4BEC-BB27-1D7C3B58A08F}.Debug|x86.Build.0 = Debug|Win32
		{7C60D205-1563-4BEC-BB27-1D7C3B58A08F}.Release|x64.ActiveCfg = Release|x64
		{7C60D205-1563-4BEC-BB27-1D7C3B58A08F}.Release|x64.Build.0 = Release|x64
		{7C60D205-1563-4BEC-BB27-1D7C3B58A08F}.Release|x86.ActiveCfg = Release|Win32
		{7C60D205-1563-4BEC-BB27-1D7C3B58A08F}.Release|x86.Build.0 = Release|Win32
		{7D1E2EC5-FB57-4148-A6EB-59EEECE4A660}.Debug|x64.ActiveCfg = Debug|x64
		{7D1E2EC5-FB57-4148-A6EB-59EEECE4A660}.Debug|x64.Build.0 = Debug|x64
		{7D1E2EC5-FB57-4148-A6EB-59EEECE4A660}.Debug|x86.ActiveCfg = Debug|Win32
		{7D1E2EC5-FB57-4148-A6EB-59EEECE4A660}.Debug|x86.Build.0 = Debug|Win32
		{7D1E2EC5-FB57-4148-A6EB-59EEECE4A660}.Release|x64.ActiveCfg = Release|x64
		{7D1E2EC5-FB57-4148-A6EB-59EEECE4A660}.Release|x64.Build.0 = Release|x64
		{7D1E2EC5-FB57-4148-A6EB-59EEECE4A660}.Release|x86.ActiveCfg = Release|Win32
		{7D1E2EC5-FB57-4148-A6EB-59EEECE4A660}.Release|x86.Build.0 = Release|Win32
		{CB1843DF-3D4F-4D8D-B3C8-70D1D722E2A9}.Debug|x64.ActiveCfg = Debug|x64
		{CB1843DF-3D4F-4D8D-B3C8-70D1D722E2A9}.Debug|x64.Build.0 = Debug|x64
		{CB1843DF-3D4F-4D8D-B3C8-70D1D722E2A9}.Debug|x86.ActiveCfg = Debug|Win32
		{CB1843DF-3D4F-4D8D-B3C8-70D1D722E2A9}.Debug|x86.Build.0 = Debug|Win32
		{CB1843DF-3D4F-4D8D-B3C8-70D1D722E2A9}.Release|x64.ActiveCfg = Release|x64
		{CB1843DF-3D4F-4D8D-B3C8-70D1D722E2A9}.Release|x64.Build.0 = Release|x64
		{CB1843DF-3D4F-4D8D-B3C8-70D1D722E2A9}.Release|x86.ActiveCfg = Release|Win32
		{CB1843DF-3D4F-4D8D-B3C8-70D1D722E2A9}.Release|x86.Build.0 = Release|Win32
		{CA6231C1-405A-482E-B59A-35ADCCC15DDD}.Debug|x64.ActiveCfg = Debug|x64
		{CA6231C1-405A-482E-B59A-35ADCCC15DDD}.Debug|x64.Build.0 = Debug|x64
		{CA6231C1-405A-482E-B59A-35ADCCC15DDD}.Debug|x86.ActiveCfg = Debug|Win32
		{CA6231C1-405A-482E-B59A-35ADCCC15DDD}.Debug|x86.Build.0 = Debug|Win32
		{CA6231C1-405A-482E-B59A-35ADCCC15DDD}.Release|x64.ActiveCfg = Release|x64
		{CA6231C1-405A-482E-B59A-35ADCCC15DDD}.Release|x64.Build.0 = Release|x64
		{CA6231C1-405A-482E-B59A-35ADCCC15DDD}.Release|x86.ActiveCfg = Release|Win32
		{CA6231C1-405A-482E-B59A-35ADCCC15DDD}.Release|x86.Build.0 = Release|Win32
		{C8677CA2-23B4-4148-8298-75DC082DD05C}.Debug|x64.ActiveCfg = Debug|x64
		{C8677CA2-23B4-4148-8298-75DC082DD05C}.Debug|x64.Build.0 = Debug|x64
		{C8677CA2-23B4-4148-8298-75DC082DD05C}.Debug|x86.ActiveCfg = Debug|Win32
		{C8677CA2-23B4-4148-8298-75DC082DD05C}.Debug|x86.Build.0 = Debug|Win32
		{C8677CA2-23B4-4148-8298-75DC082DD05C}.Release|x64.ActiveCfg = Release|x64
		{C8677CA2-23B4-4148-8298-75DC082DD05C}.Release|x64.Build.0 = Release|x64
		{C8677CA2-23B4-4148-8298-75DC082DD05C}.Release|x86.ActiveCfg = Release|Win32
		{C8677CA2-23B4-4148-8298-75DC082DD05C}.Release|x86.Build.0 = Release|Win32
		{E767D317-98AA-4E0B-BE90-1C19844EFB1B}.Debug|x64.ActiveCfg = Debug|x64
		{E767D317-98AA-4E0B-BE90-1C19844EFB1B}.Debug|x64.Build.0 = Debug|x64
		{E767D317-98AA-4E0B-BE90-1C19844EFB1B}.Debug|x86.ActiveCfg = Debug|Win32
		{E767D317-98AA-4E0B-BE90-1C19844EFB1B}.Debug|x86.Build.0 = Debug|Win32
		{E767D317-98AA-4E0B-BE90-1C19844EFB1B}.Release|x64.ActiveCfg = Release|x64
		{E767D317-98AA-4E0B-BE90-1C19844EFB1B}.Release|x64.Build.0 = Release|x64
		{E767D317-98AA-4E0B-BE90-1C19844EFB1B}.Release|x86.ActiveCfg = Release|Win32
		{E767D317-98AA-4E0B-BE90-1C19844EFB1B}.Release|x86.Build.0 = Release|Win32
		{F7214DDD-57B1-46BA-A54A-876CC7CF7D5E}.Debug|x64.ActiveCfg = Debug|x64
		{F7214DDD-57B1-46BA-A54A-876CC7CF7D5E}.Debug|x64.Build.0 = Debug|x64
		{F7214DDD-57B1-46BA-A54A-876CC7CF7D5E}.Debug|x86.ActiveCfg = Debug|Win32
		{F7214DDD-57B1-46BA-A54A-876CC7CF7D5E}.Debug|x86.Build.0 = Debug|Win32
		{F7214DDD-57B1-46BA-A54A-876CC7CF7D5E}.Release|x64.ActiveCfg = Release|x64
		{F7214DDD-57B1-46BA-A54A-876CC7CF7D5E}.Release|x64.Build.0 = Release|x64
		{F7214DDD-57B1-46BA-A54A-876CC7CF7D5E}.Release|x86.ActiveCfg = Release|Win32
		{F7214DDD-57B1-46BA-A54A-876CC7CF7D5E}.Release|x86.Build.0 = Release|Win32
		{334B4D7E-2C6E-4BBF-AAC0-879C72344B00}.Debug|x64.ActiveCfg = Debug|x64
		{334B4D7E-2C6E-4BBF-AAC0-879C72344B00}.Debug|x64.Build.0 = Debug|x64
		{334B4D7E-2C6E-4BBF-AAC0-879C72344B00}.Debug|x86.ActiveCfg = Debug|Win32
		{334B4D7E-2C6E-4BBF-AAC0-879C72344B00}.Debug|x86.Build.0 = Debug|Win32
		{334B4D7E-2C6E-4BBF-AAC0-879C72344B00}.Release|x64.ActiveCfg = Release|x64
		{334B4D7E-2C6E-4BBF-AAC0-879C72344B00}.Release|x64.Build.0 = Release|x64
		{334B4D7E-2C6E-4BBF-AAC0-879C72344B00}.Release|x86.ActiveCfg = Release|Win32
		{334B4D7E-2C6E-4BBF-AAC0-879C72344B00}.Release|x86.Build.0 = Release|Win32
		{72D5287B-D8E2-4A9E-BC15-D4A1E3A3F687}.Debug|x64.ActiveCfg = Debug|x64
		{72D5287B-D8E2-4A9E-BC15-D4A1E3A3F687}.Debug|x64.Build.0 = Debug|x64
		{72D5287B-D8E2-4A9E-BC15-D4A1E3A3F687}.Debug|x86.ActiveCfg = Debug|Win32
		{72D5287B-D8E2-4A9E-BC15-D4A1E3A3F687}.Debug|x86.Build.0 = Debug|Win32
		{72D5287B-D8E2-4A9E-BC15-D4A1E3A3F687}.Release|x64.ActiveCfg = Release|x64
		{72D5287B-D8E2-4A9E-BC15-D4A1E3A3F687}.Release|x64.Build.0 = Release|x64
		{72D5287B-D8E2-4A9E-BC15-D4A1E3A3F687}.Release|x86.ActiveCfg = Release|Win32
		{72D5287B-D8E2-4A9E-BC15-D4A1E3A3F687}.Release|x86.Build.0 = Release|Win32
		{0B01514B-EAB9-4E50-82EA-979C89A5C52F}.Debug|x64.ActiveCfg = Debug|x64
		{0B01514B-EAB9-4E50-82EA-979C89A5C52F}.Debug|x64.Build.0 = Debug|x64
		{0B01514B-EAB9-4E50-82EA-979C89A5C52F}.Debug|x86.ActiveCfg = Debug|Win32
		{0B01514B-EAB9-4E50-82EA-979C89A5C52F}.Debug|x86.Build.0 = Debug|Win32
		{0B01514B-EAB9-4E50-82EA-979C89A5C52F}.Release|x64.ActiveCfg = Release|x64
		{0B01514B-EAB9-4E50-82EA-979C89A5C52F}.Release|x64.Build.0 = Release|x64
		{0B01514B-EAB9-4E50-82EA-979C89A5C52F}.Release|x86.ActiveCfg = Release|Win32
		{0B01514B-EAB9-4E50-82EA-979C89A5C52F}.Release|x86.Build.0 = Release|Win32
		{03D224C4-D5EE-4DE9-993C-477B1B937AAF}.Debug|x64.ActiveCfg = Debug|x64
		{03D224C4-D5EE-4DE9-993C-477B1B937AAF}.Debug|x64.Build.0 = Debug|x64
		{03D224C4-D5EE-4DE9-993C-477B1B937AAF}.Debug|x86.ActiveCfg = Debug|Win32
		{03D224C4-D5EE-4DE9-993C-477B1B937AAF}.Debug|x86.Build.0 = Debug|Win32
		{03D224C4-D5EE-4DE9-993C-477B1B937AAF}.Release|x64.ActiveCfg = Release|x64
		{03D224C4-D5EE-4DE9-993C-477B1B937AAF}.Release|x64.Build.0 = Release|x64
		{03D224C4-D5EE-4DE9-993C-477B1B937AAF}.Release|x86.ActiveCfg = Release|Win32
		{03D224C4-D5EE-4DE9-993C-477B1B937AAF}.Release|x86.Build.0 = Release|Win32
		{9AC492BD-854C-418F-BFDD-7FFB1C6A4059}.Debug|x64.ActiveCfg = Debug|x64
		{9AC492BD-854C-418F-BFDD-7FFB1C6A4059}.Debug|x64.Build.0 = Debug|x64
		{9AC492BD-854C-418F-BFDD-7FFB1C6A4059}.Debug|x86.ActiveCfg = Debug|Win32
		{9AC492BD-854C-418F-BFDD-7FFB1C6A4059}.Debug|x86.Build.0 = Debug|Win32
		{9AC492BD-854C-418F-BFDD-7FFB1C6A4059}.Release|x64.ActiveCfg = Release|x64
		{9AC492BD-854C-418F-BFDD-7FFB1C6A4059}.Release|x64.Build.0 = Release|x64
		{9AC492BD-854C-418F-BFDD-7FFB1C6A4059}.Release|x86.ActiveCfg = Release|Win32
		{9AC492BD-854C-418F-BFDD-7FFB1C6A4059}.Release|x86.Build.0 = Release|Win32
		{A4F42B69-CAFC-4870-B6AA-EA15B6703DE3}.Debug|x64.ActiveCfg = Debug|x64
		{A4F42B69-CAFC-4870-B6AA-EA15B6703DE3}.Debug|x64.Build.0 = Debug|x64
		{A4F42B69-CAFC-4870-B6AA-EA15B6703DE3}.Debug|x86.ActiveCfg = Debug|Win32
		{A4F42B69-CAFC-4870-B6AA-EA15B6703DE3}.Debug|x86.Build.0 = Debug|Win32
		{A4F42B69-CAFC-4870-B6AA-EA15B6703DE3}.Release|x64.ActiveCfg = Release|x64
		{A4F42B69-CAFC-4870-B6AA-EA15B6703DE3}.Release|x64.Build.0 = Release|x64
		{A4F42B69-CAFC-4870-B6AA-EA15B6703DE3}.Release|x86.ActiveCfg = Release|Win32
		{A4F42B69-CAFC-4870-B6AA-EA15B6703DE3}.Release|x86.Build.0 = Release|Win32
		{055B882F-D318-4BFC-B7DF-A05B2A628575}.Debug|x64.ActiveCfg = Debug|x64
		{055B882F-D318-4BFC-B7DF-A05B2A628575}.Debug|x64.Build.0 = Debug|x64
		{055B882F-D318-4BFC-B7DF-A05B2A628575}.Debug|x86.ActiveCfg = Debug|Win32
		{055B882F-D318-4BFC-B7DF-A05B2A628575}.Debug|x86.Build.0 = Debug|Win32
		{055B882F-D318-4BFC-B7DF-A05B2A628575}.Release|x64.ActiveCfg = Release|x64
		{055B882F-D318-4BFC-B7DF-A05B2A628575}.Release|x64.Build.0 = Release|x64
		{055B882F-D318-4BFC-B7DF-A05B2A628575}.Release|x86.ActiveCfg = Release|Win32
		{055B882F-D318-4BFC-B7DF-A05B2A628575}.Release|x86.Build.0 = Release|Win32
	EndGlobalSection
	GlobalSection(SolutionProperties) = preSolution
		HideSolutionNode = FALSE
	EndGlobalSection
	GlobalSection(ExtensibilityGlobals) = postSolution
		SolutionGuid = {A113DEC5-1AB8-4FEC-89D9-E87CB9F8A2C9}
	EndGlobalSection
EndGlobal
